
Microsoft Visual Studio Solution File, Format Version 12.00
# Visual Studio Version 17
VisualStudioVersion = 17.11.35219.272
MinimumVisualStudioVersion = 10.0.40219.1
Project("{FAE04EC0-301F-11D3-BF4B-00C04F79EFBC}") = "TicTacToe", "TicTacToe.csproj", "{B32B1FCA-E371-48F2-A19E-7296BDE61658}"
EndProject
Global
	GlobalSection(SolutionConfigurationPlatforms) = preSolution
		Debug|Any CPU = Debug|Any CPU
		Release|Any CPU = Release|Any CPU
	EndGlobalSection
	GlobalSection(ProjectConfigurationPlatforms) = postSolution
		{B32B1FCA-E371-48F2-A19E-7296BDE61658}.Debug|Any CPU.ActiveCfg = Debug|Any CPU
		{B32B1FCA-E371-48F2-A19E-7296BDE61658}.Debug|Any CPU.Build.0 = Debug|Any CPU
		{B32B1FCA-E371-48F2-A19E-7296BDE61658}.Debug|Any CPU.Deploy.0 = Debug|Any CPU
		{B32B1FCA-E371-48F2-A19E-7296BDE61658}.Release|Any CPU.ActiveCfg = Release|Any CPU
		{B32B1FCA-E371-48F2-A19E-7296BDE61658}.Release|Any CPU.Build.0 = Release|Any CPU
		{B32B1FCA-E371-48F2-A19E-7296BDE61658}.Release|Any CPU.Deploy.0 = Release|Any CPU
	EndGlobalSection
	GlobalSection(SolutionProperties) = preSolution
		HideSolutionNode = FALSE
	EndGlobalSection
	GlobalSection(ExtensibilityGlobals) = postSolution
		SolutionGuid = {3D5114EE-95A7-4A06-AEE9-583D92B5889D}
	EndGlobalSection
EndGlobal
