
Microsoft Visual Studio Solution File, Format Version 12.00
# Visual Studio Version 17
VisualStudioVersion = 17.8.34330.188
MinimumVisualStudioVersion = 10.0.40219.1
Project("{FAE04EC0-301F-11D3-BF4B-00C04F79EFBC}") = "NewValgusfoor", "NewValgusfoor.csproj", "{66CDAFB1-1B5F-4302-AA27-701D1F7E3AEA}"
EndProject
Global
	GlobalSection(SolutionConfigurationPlatforms) = preSolution
		Debug|Any CPU = Debug|Any CPU
		Release|Any CPU = Release|Any CPU
	EndGlobalSection
	GlobalSection(ProjectConfigurationPlatforms) = postSolution
		{66CDAFB1-1B5F-4302-AA27-701D1F7E3AEA}.Debug|Any CPU.ActiveCfg = Debug|Any CPU
		{66CDAFB1-1B5F-4302-AA27-701D1F7E3AEA}.Debug|Any CPU.Build.0 = Debug|Any CPU
		{66CDAFB1-1B5F-4302-AA27-701D1F7E3AEA}.Debug|Any CPU.Deploy.0 = Debug|Any CPU
		{66CDAFB1-1B5F-4302-AA27-701D1F7E3AEA}.Release|Any CPU.ActiveCfg = Release|Any CPU
		{66CDAFB1-1B5F-4302-AA27-701D1F7E3AEA}.Release|Any CPU.Build.0 = Release|Any CPU
		{66CDAFB1-1B5F-4302-AA27-701D1F7E3AEA}.Release|Any CPU.Deploy.0 = Release|Any CPU
	EndGlobalSection
	GlobalSection(SolutionProperties) = preSolution
		HideSolutionNode = FALSE
	EndGlobalSection
	GlobalSection(ExtensibilityGlobals) = postSolution
		SolutionGuid = {1D876B4D-3C44-4802-9DE0-41B34B7E3C95}
	EndGlobalSection
EndGlobal
